
Microsoft Visual Studio Solution File, Format Version 12.00
# Visual Studio 2013
Project("{FAE04EC0-301F-11D3-BF4B-00C04F79EFBC}") = "UnityVS.Hexes.CSharp", "UnityVS.Hexes.CSharp.csproj", "{ED6F40CC-F6C3-CBA8-5C00-C8FE647318C0}"
EndProject
Project("{FAE04EC0-301F-11D3-BF4B-00C04F79EFBC}") = "Hexes.Test", "..\Hexes.Test\Hexes.Test.csproj", "{11A854CB-5C7A-4E54-8E26-230C3B971375}"
EndProject
Global
	GlobalSection(SolutionConfigurationPlatforms) = preSolution
		Debug|Any CPU = Debug|Any CPU
		Release|Any CPU = Release|Any CPU
	EndGlobalSection
	GlobalSection(ProjectConfigurationPlatforms) = postSolution
		{ED6F40CC-F6C3-CBA8-5C00-C8FE647318C0}.Debug|Any CPU.ActiveCfg = Debug|Any CPU
		{ED6F40CC-F6C3-CBA8-5C00-C8FE647318C0}.Debug|Any CPU.Build.0 = Debug|Any CPU
		{ED6F40CC-F6C3-CBA8-5C00-C8FE647318C0}.Release|Any CPU.ActiveCfg = Release|Any CPU
		{ED6F40CC-F6C3-CBA8-5C00-C8FE647318C0}.Release|Any CPU.Build.0 = Release|Any CPU
		{11A854CB-5C7A-4E54-8E26-230C3B971375}.Debug|Any CPU.ActiveCfg = Debug|Any CPU
		{11A854CB-5C7A-4E54-8E26-230C3B971375}.Debug|Any CPU.Build.0 = Debug|Any CPU
		{11A854CB-5C7A-4E54-8E26-230C3B971375}.Release|Any CPU.ActiveCfg = Release|Any CPU
		{11A854CB-5C7A-4E54-8E26-230C3B971375}.Release|Any CPU.Build.0 = Release|Any CPU
	EndGlobalSection
	GlobalSection(SolutionProperties) = preSolution
		HideSolutionNode = FALSE
	EndGlobalSection
EndGlobal
